
Microsoft Visual Studio Solution File, Format Version 11.00
# Visual Studio 2010
Project("{FAE04EC0-301F-11D3-BF4B-00C04F79EFBC}") = "CogEngine.Objects", "CogEngine.Objects\CogEngine.Objects.csproj", "{91DE0863-A491-4D73-B8AF-CA481F2F0756}"
EndProject
Project("{FAE04EC0-301F-11D3-BF4B-00C04F79EFBC}") = "CogEngine.WinForms", "CogEngine.WinForms\CogEngine.WinForms.csproj", "{E1DDC74A-E936-4FEE-9BA2-8804891BDD6A}"
EndProject
Project("{FAE04EC0-301F-11D3-BF4B-00C04F79EFBC}") = "CogEngine.GameTemplate", "CogEngine.GameTemplate\CogEngine.GameTemplate\CogEngine.GameTemplate.csproj", "{B74DC283-26A4-4A75-8EF1-F6996E175BF9}"
EndProject
Project("{FAE04EC0-301F-11D3-BF4B-00C04F79EFBC}") = "CogEngine.GameTemplateContent", "CogEngine.GameTemplate\CogEngine.GameTemplateContent\CogEngine.GameTemplateContent.contentproj", "{6B3B5639-53CD-4178-8ECF-2BF9DE1AFD83}"
EndProject
Project("{2150E333-8FDC-42A3-9474-1A3956D46DE8}") = "Arquivos", "Arquivos", "{DC7837AD-1874-4C79-B6F5-68295C5A1EB9}"
	ProjectSection(SolutionItems) = preProject
		Arquivos\triangulo.JPG = Arquivos\triangulo.JPG
		Arquivos\video-game-controller.jpg = Arquivos\video-game-controller.jpg
	EndProjectSection
EndProject
Project("{FAE04EC0-301F-11D3-BF4B-00C04F79EFBC}") = "CogEngine.ScriptEditor", "CogEngine.ScriptEditor\CogEngine.ScriptEditor.csproj", "{EB147E6B-E794-49FF-855C-1B06275C03FB}"
EndProject
Global
	GlobalSection(SolutionConfigurationPlatforms) = preSolution
		Debug|Any CPU = Debug|Any CPU
		Debug|Mixed Platforms = Debug|Mixed Platforms
		Debug|x86 = Debug|x86
		Release|Any CPU = Release|Any CPU
		Release|Mixed Platforms = Release|Mixed Platforms
		Release|x86 = Release|x86
	EndGlobalSection
	GlobalSection(ProjectConfigurationPlatforms) = postSolution
		{91DE0863-A491-4D73-B8AF-CA481F2F0756}.Debug|Any CPU.ActiveCfg = Debug|Any CPU
		{91DE0863-A491-4D73-B8AF-CA481F2F0756}.Debug|Any CPU.Build.0 = Debug|Any CPU
		{91DE0863-A491-4D73-B8AF-CA481F2F0756}.Debug|Mixed Platforms.ActiveCfg = Debug|Any CPU
		{91DE0863-A491-4D73-B8AF-CA481F2F0756}.Debug|Mixed Platforms.Build.0 = Debug|Any CPU
		{91DE0863-A491-4D73-B8AF-CA481F2F0756}.Debug|x86.ActiveCfg = Debug|Any CPU
		{91DE0863-A491-4D73-B8AF-CA481F2F0756}.Release|Any CPU.ActiveCfg = Release|Any CPU
		{91DE0863-A491-4D73-B8AF-CA481F2F0756}.Release|Any CPU.Build.0 = Release|Any CPU
		{91DE0863-A491-4D73-B8AF-CA481F2F0756}.Release|Mixed Platforms.ActiveCfg = Release|Any CPU
		{91DE0863-A491-4D73-B8AF-CA481F2F0756}.Release|Mixed Platforms.Build.0 = Release|Any CPU
		{91DE0863-A491-4D73-B8AF-CA481F2F0756}.Release|x86.ActiveCfg = Release|Any CPU
		{E1DDC74A-E936-4FEE-9BA2-8804891BDD6A}.Debug|Any CPU.ActiveCfg = Debug|x86
		{E1DDC74A-E936-4FEE-9BA2-8804891BDD6A}.Debug|Mixed Platforms.ActiveCfg = Debug|x86
		{E1DDC74A-E936-4FEE-9BA2-8804891BDD6A}.Debug|Mixed Platforms.Build.0 = Debug|x86
		{E1DDC74A-E936-4FEE-9BA2-8804891BDD6A}.Debug|x86.ActiveCfg = Debug|x86
		{E1DDC74A-E936-4FEE-9BA2-8804891BDD6A}.Debug|x86.Build.0 = Debug|x86
		{E1DDC74A-E936-4FEE-9BA2-8804891BDD6A}.Release|Any CPU.ActiveCfg = Release|x86
		{E1DDC74A-E936-4FEE-9BA2-8804891BDD6A}.Release|Mixed Platforms.ActiveCfg = Release|x86
		{E1DDC74A-E936-4FEE-9BA2-8804891BDD6A}.Release|Mixed Platforms.Build.0 = Release|x86
		{E1DDC74A-E936-4FEE-9BA2-8804891BDD6A}.Release|x86.ActiveCfg = Release|x86
		{E1DDC74A-E936-4FEE-9BA2-8804891BDD6A}.Release|x86.Build.0 = Release|x86
		{B74DC283-26A4-4A75-8EF1-F6996E175BF9}.Debug|Any CPU.ActiveCfg = Debug|x86
		{B74DC283-26A4-4A75-8EF1-F6996E175BF9}.Debug|Mixed Platforms.ActiveCfg = Debug|x86
		{B74DC283-26A4-4A75-8EF1-F6996E175BF9}.Debug|Mixed Platforms.Build.0 = Debug|x86
		{B74DC283-26A4-4A75-8EF1-F6996E175BF9}.Debug|x86.ActiveCfg = Debug|x86
		{B74DC283-26A4-4A75-8EF1-F6996E175BF9}.Debug|x86.Build.0 = Debug|x86
		{B74DC283-26A4-4A75-8EF1-F6996E175BF9}.Release|Any CPU.ActiveCfg = Release|x86
		{B74DC283-26A4-4A75-8EF1-F6996E175BF9}.Release|Mixed Platforms.ActiveCfg = Release|x86
		{B74DC283-26A4-4A75-8EF1-F6996E175BF9}.Release|Mixed Platforms.Build.0 = Release|x86
		{B74DC283-26A4-4A75-8EF1-F6996E175BF9}.Release|x86.ActiveCfg = Release|x86
		{B74DC283-26A4-4A75-8EF1-F6996E175BF9}.Release|x86.Build.0 = Release|x86
		{6B3B5639-53CD-4178-8ECF-2BF9DE1AFD83}.Debug|Any CPU.ActiveCfg = Debug|x86
		{6B3B5639-53CD-4178-8ECF-2BF9DE1AFD83}.Debug|Mixed Platforms.ActiveCfg = Debug|x86
		{6B3B5639-53CD-4178-8ECF-2BF9DE1AFD83}.Debug|x86.ActiveCfg = Debug|x86
		{6B3B5639-53CD-4178-8ECF-2BF9DE1AFD83}.Release|Any CPU.ActiveCfg = Release|x86
		{6B3B5639-53CD-4178-8ECF-2BF9DE1AFD83}.Release|Mixed Platforms.ActiveCfg = Release|x86
		{6B3B5639-53CD-4178-8ECF-2BF9DE1AFD83}.Release|x86.ActiveCfg = Release|x86
		{EB147E6B-E794-49FF-855C-1B06275C03FB}.Debug|Any CPU.ActiveCfg = Debug|Any CPU
		{EB147E6B-E794-49FF-855C-1B06275C03FB}.Debug|Any CPU.Build.0 = Debug|Any CPU
		{EB147E6B-E794-49FF-855C-1B06275C03FB}.Debug|Mixed Platforms.ActiveCfg = Debug|Any CPU
		{EB147E6B-E794-49FF-855C-1B06275C03FB}.Debug|Mixed Platforms.Build.0 = Debug|Any CPU
		{EB147E6B-E794-49FF-855C-1B06275C03FB}.Debug|x86.ActiveCfg = Debug|Any CPU
		{EB147E6B-E794-49FF-855C-1B06275C03FB}.Release|Any CPU.ActiveCfg = Release|Any CPU
		{EB147E6B-E794-49FF-855C-1B06275C03FB}.Release|Any CPU.Build.0 = Release|Any CPU
		{EB147E6B-E794-49FF-855C-1B06275C03FB}.Release|Mixed Platforms.ActiveCfg = Release|Any CPU
		{EB147E6B-E794-49FF-855C-1B06275C03FB}.Release|Mixed Platforms.Build.0 = Release|Any CPU
		{EB147E6B-E794-49FF-855C-1B06275C03FB}.Release|x86.ActiveCfg = Release|Any CPU
	EndGlobalSection
	GlobalSection(SolutionProperties) = preSolution
		HideSolutionNode = FALSE
	EndGlobalSection
EndGlobal
